
Microsoft Visual Studio Solution File, Format Version 12.00
# Visual Studio Version 17
VisualStudioVersion = 17.1.32421.90
MinimumVisualStudioVersion = 10.0.40219.1
Project("{888888A0-9F3D-457C-B088-3A5042F75D52}") = "voynich-converter", "voynich-converter\voynich-converter.pyproj", "{45DF6D8E-4E28-42C2-8A53-A198D7969192}"
EndProject
Global
	GlobalSection(SolutionConfigurationPlatforms) = preSolution
		Debug|Any CPU = Debug|Any CPU
		Release|Any CPU = Release|Any CPU
	EndGlobalSection
	GlobalSection(ProjectConfigurationPlatforms) = postSolution
		{45DF6D8E-4E28-42C2-8A53-A198D7969192}.Debug|Any CPU.ActiveCfg = Debug|Any CPU
		{45DF6D8E-4E28-42C2-8A53-A198D7969192}.Release|Any CPU.ActiveCfg = Release|Any CPU
	EndGlobalSection
	GlobalSection(SolutionProperties) = preSolution
		HideSolutionNode = FALSE
	EndGlobalSection
	GlobalSection(ExtensibilityGlobals) = postSolution
		SolutionGuid = {8E72EA8B-7B0A-44CC-AD6C-43EB6F8955AF}
	EndGlobalSection
EndGlobal
